lockfileVersion: '6.0'

settings:
  autoInstallPeers: true
  excludeLinksFromLockfile: false

dependencies:
  bufferutil:
    specifier: ^4.0.5
    version: 4.0.6
  cheerio:
    specifier: ^1.0.0-rc.10
    version: 1.0.0-rc.10
  convert-units:
    specifier: ^2.3.4
    version: 2.3.4
  discord.js:
    specifier: ^12.5.3
    version: 12.5.3(bufferutil@4.0.6)(utf-8-validate@5.0.8)
  dotenv:
    specifier: ^16.0.0
    version: 16.0.0
  node-fetch:
    specifier: ^2.6.1
    version: 2.6.1
  pg-promise:
    specifier: ^10.11.1
    version: 10.11.1
  pmx:
    specifier: ^1.6.7
    version: 1.6.7
  recursive-readdir-sync:
    specifier: ^1.0.6
    version: 1.0.6
  tldts:
    specifier: ^5.7.64
    version: 5.7.64
  utf-8-validate:
    specifier: ^5.0.7
    version: 5.0.8
  uwuifier:
    specifier: ^4.0.5
    version: 4.0.5
  zlib-sync:
    specifier: ^0.1.7
    version: 0.1.7

packages:

  /@discordjs/collection@0.1.6:
    resolution: {integrity: sha512-utRNxnd9kSS2qhyivo9lMlt5qgAUasH2gb7BEOn6p0efFh24gjGomHzWKMAPn2hEReOPQZCJaRKoURwRotKucQ==}
    dev: false

  /@discordjs/form-data@3.0.1:
    resolution: {integrity: sha512-ZfFsbgEXW71Rw/6EtBdrP5VxBJy4dthyC0tpQKGKmYFImlmmrykO14Za+BiIVduwjte0jXEBlhSKf0MWbFp9Eg==}
    engines: {node: '>= 6'}
    dependencies:
      asynckit: 0.4.0
      combined-stream: 1.0.8
      mime-types: 2.1.30
    dev: false

  /abort-controller@3.0.0:
    resolution: {integrity: sha512-h8lQ8tacZYnR3vNQTgibj+tODHI5/+l06Au2Pcriv/Gmet0eaj4TwWH41sO9wnHDiQsEj19q0drzdWdeAHtweg==}
    engines: {node: '>=6.5'}
    dependencies:
      event-target-shim: 5.0.1
    dev: false

  /assert-options@0.7.0:
    resolution: {integrity: sha512-7q9uNH/Dh8gFgpIIb9ja8PJEWA5AQy3xnBC8jtKs8K/gNVCr1K6kIvlm59HUyYgvM7oEDoLzGgPcGd9FqhtXEQ==}
    engines: {node: '>=8.0.0'}
    dev: false

  /async-listener@0.6.10:
    resolution: {integrity: sha512-gpuo6xOyF4D5DE5WvyqZdPA3NGhiT6Qf07l7DCB0wwDEsLvDIbCr6j9S5aj5Ch96dLace5tXVzWBZkxU/c5ohw==}
    engines: {node: <=0.11.8 || >0.11.10}
    dependencies:
      semver: 5.7.2
      shimmer: 1.2.1
    dev: false

  /asynckit@0.4.0:
    resolution: {integrity: sha1-x57Zf380y48robyXkLzDZkdLS3k=}
    dev: false

  /boolbase@1.0.0:
    resolution: {integrity: sha1-aN/1++YMUes3cl6p4+0xDcwed24=}
    dev: false

  /buffer-writer@2.0.0:
    resolution: {integrity: sha512-a7ZpuTZU1TRtnwyCNW3I5dc0wWNC3VR9S++Ewyk2HHZdrO3CQJqSpd+95Us590V6AL7JqUAH2IwZ/398PmNFgw==}
    engines: {node: '>=4'}
    dev: false

  /bufferutil@4.0.6:
    resolution: {integrity: sha512-jduaYOYtnio4aIAyc6UbvPCVcgq7nYpVnucyxr6eCYg/Woad9Hf/oxxBRDnGGjPfjUm6j5O/uBWhIu4iLebFaw==}
    engines: {node: '>=6.14.2'}
    requiresBuild: true
    dependencies:
      node-gyp-build: 4.3.0
    dev: false

  /cheerio-select@1.5.0:
    resolution: {integrity: sha512-qocaHPv5ypefh6YNxvnbABM07KMxExbtbfuJoIie3iZXX1ERwYmJcIiRrr9H05ucQP1k28dav8rpdDgjQd8drg==}
    dependencies:
      css-select: 4.2.1
      css-what: 5.1.0
      domelementtype: 2.2.0
      domhandler: 4.3.0
      domutils: 2.8.0
    dev: false

  /cheerio@1.0.0-rc.10:
    resolution: {integrity: sha512-g0J0q/O6mW8z5zxQ3A8E8J1hUgp4SMOvEoW/x84OwyHKe/Zccz83PVT4y5Crcr530FV6NgmKI1qvGTKVl9XXVw==}
    engines: {node: '>= 6'}
    dependencies:
      cheerio-select: 1.5.0
      dom-serializer: 1.3.2
      domhandler: 4.3.0
      htmlparser2: 6.1.0
      parse5: 6.0.1
      parse5-htmlparser2-tree-adapter: 6.0.1
      tslib: 2.3.1
    dev: false

  /combined-stream@1.0.8:
    resolution: {integrity: sha512-FQN4MRfuJeHf7cBbBMJFXhKSDq+2kAArBlmRBvcvFE5BB1HZKXtSFASDhdlz9zOYwxh8lDdnvmMOe/+5cdoEdg==}
    engines: {node: '>= 0.8'}
    dependencies:
      delayed-stream: 1.0.0
    dev: false

  /continuation-local-storage@3.2.1:
    resolution: {integrity: sha512-jx44cconVqkCEEyLSKWwkvUXwO561jXMa3LPjTPsm5QR22PA0/mhe33FT4Xb5y74JDvt/Cq+5lm8S8rskLv9ZA==}
    dependencies:
      async-listener: 0.6.10
      emitter-listener: 1.1.2
    dev: false

  /convert-units@2.3.4:
    resolution: {integrity: sha512-ERHfdA0UhHJp1IpwE6PnFJx8LqG7B1ZjJ20UvVCmopEnVCfER68Tbe3kvN63dLbYXDA2xFWRE6zd4Wsf0w7POg==}
    dependencies:
      lodash.foreach: 2.3.0
      lodash.keys: 2.3.0
    dev: false

  /css-select@4.2.1:
    resolution: {integrity: sha512-/aUslKhzkTNCQUB2qTX84lVmfia9NyjP3WpDGtj/WxhwBzWBYUV3DgUpurHTme8UTPcPlAD1DJ+b0nN/t50zDQ==}
    dependencies:
      boolbase: 1.0.0
      css-what: 5.1.0
      domhandler: 4.3.0
      domutils: 2.8.0
      nth-check: 2.0.1
    dev: false

  /css-what@5.1.0:
    resolution: {integrity: sha512-arSMRWIIFY0hV8pIxZMEfmMI47Wj3R/aWpZDDxWYCPEiOMv6tfOrnpDtgxBYPEQD4V0Y/958+1TdC3iWTFcUPw==}
    engines: {node: '>= 6'}
    dev: false

  /debug@2.6.9:
    resolution: {integrity: sha512-bC7ElrdJaJnPbAP+1EotYvqZsb3ecl5wi6Bfi6BJTUcNowp6cvspg0jXznRTKDjm/E7AdgFBVeAPVMNcKGsHMA==}
    peerDependencies:
      supports-color: '*'
    peerDependenciesMeta:
      supports-color:
        optional: true
    dependencies:
      ms: 2.0.0
    dev: false

  /debug@3.2.6:
    resolution: {integrity: sha512-mel+jf7nrtEl5Pn1Qx46zARXKDpBbvzezse7p7LqINmdoIk8PYP5SySaxEmYv6TZ0JyEKA1hsCId6DIhgITtWQ==}
    peerDependencies:
      supports-color: '*'
    peerDependenciesMeta:
      supports-color:
        optional: true
    dependencies:
      ms: 2.1.2
    dev: false

  /deep-metrics@0.0.1:
    resolution: {integrity: sha512-732WmZgCWxOkf4QBvrCjPPuT6wTEzaGye/4JqYsU/sO0J53UNX4PBwK0JV262BZ5cxgLmKhU+NlrtKdPDgybkg==}
    engines: {node: '>=4'}
    dependencies:
      semver: 5.7.2
    dev: false

  /delayed-stream@1.0.0:
    resolution: {integrity: sha1-3zrhmayt+31ECqrgsp4icrJOxhk=}
    engines: {node: '>=0.4.0'}
    dev: false

  /discord.js@12.5.3(bufferutil@4.0.6)(utf-8-validate@5.0.8):
    resolution: {integrity: sha512-D3nkOa/pCkNyn6jLZnAiJApw2N9XrIsXUAdThf01i7yrEuqUmDGc7/CexVWwEcgbQR97XQ+mcnqJpmJ/92B4Aw==}
    engines: {node: '>=12.0.0'}
    dependencies:
      '@discordjs/collection': 0.1.6
      '@discordjs/form-data': 3.0.1
      abort-controller: 3.0.0
      node-fetch: 2.6.1
      prism-media: 1.2.9
      setimmediate: 1.0.5
      tweetnacl: 1.0.3
      ws: 7.4.4(bufferutil@4.0.6)(utf-8-validate@5.0.8)
    transitivePeerDependencies:
      - '@discordjs/opus'
      - bufferutil
      - ffmpeg-static
      - node-opus
      - opusscript
      - utf-8-validate
    dev: false

  /dom-serializer@1.3.2:
    resolution: {integrity: sha512-5c54Bk5Dw4qAxNOI1pFEizPSjVsx5+bpJKmL2kPn8JhBUq2q09tTCa3mjijun2NfK78NMouDYNMBkOrPZiS+ig==}
    dependencies:
      domelementtype: 2.1.0
      domhandler: 4.3.0
      entities: 2.1.0
    dev: false

  /domelementtype@2.1.0:
    resolution: {integrity: sha512-LsTgx/L5VpD+Q8lmsXSHW2WpA+eBlZ9HPf3erD1IoPF00/3JKHZ3BknUVA2QGDNu69ZNmyFmCWBSO45XjYKC5w==}
    dev: false

  /domelementtype@2.2.0:
    resolution: {integrity: sha512-DtBMo82pv1dFtUmHyr48beiuq792Sxohr+8Hm9zoxklYPfa6n0Z3Byjj2IV7bmr2IyqClnqEQhfgHJJ5QF0R5A==}
    dev: false

  /domhandler@4.3.0:
    resolution: {integrity: sha512-fC0aXNQXqKSFTr2wDNZDhsEYjCiYsDWl3D01kwt25hm1YIPyDGHvvi3rw+PLqHAl/m71MaiF7d5zvBr0p5UB2g==}
    engines: {node: '>= 4'}
    dependencies:
      domelementtype: 2.2.0
    dev: false

  /domutils@2.8.0:
    resolution: {integrity: sha512-w96Cjofp72M5IIhpjgobBimYEfoPjx1Vx0BSX9P30WBdZW2WIKU0T1Bd0kz2eNZ9ikjKgHbEyKx8BB6H1L3h3A==}
    dependencies:
      dom-serializer: 1.3.2
      domelementtype: 2.2.0
      domhandler: 4.3.0
    dev: false

  /dotenv@16.0.0:
    resolution: {integrity: sha512-qD9WU0MPM4SWLPJy/r2Be+2WgQj8plChsyrCNQzW/0WjvcJQiKQJ9mH3ZgB3fxbUUxgc/11ZJ0Fi5KiimWGz2Q==}
    engines: {node: '>=12'}
    dev: false

  /emitter-listener@1.1.2:
    resolution: {integrity: sha512-Bt1sBAGFHY9DKY+4/2cV6izcKJUf5T7/gkdmkxzX/qv9CcGH8xSwVRW5mtX03SWJtRTWSOpzCuWN9rBFYZepZQ==}
    dependencies:
      shimmer: 1.2.1
    dev: false

  /entities@2.1.0:
    resolution: {integrity: sha512-hCx1oky9PFrJ611mf0ifBLBRW8lUUVRlFolb5gWRfIELabBlbp9xZvrqZLZAs+NxFnbfQoeGd8wDkygjg7U85w==}
    dev: false

  /event-target-shim@5.0.1:
    resolution: {integrity: sha512-i/2XbnSz/uxRCU6+NdVJgKWDTM427+MqYbkQzD321DuCQJUqOuJKIA0IM2+W2xtYHdKOmZ4dR6fExsd4SXL+WQ==}
    engines: {node: '>=6'}
    dev: false

  /extend@3.0.2:
    resolution: {integrity: sha512-fjquC59cD7CyW6urNXK0FBufkZcoiGG80wTuPujX590cB5Ttln20E2UB4S/WARVqhXffZl2LNgS+gQdPIIim/g==}
    dev: false

  /htmlparser2@6.1.0:
    resolution: {integrity: sha512-gyyPk6rgonLFEDGoeRgQNaEUvdJ4ktTmmUh/h2t7s+M8oPpIPxgNACWa+6ESR57kXstwqPiCut0V8NRpcwgU7A==}
    dependencies:
      domelementtype: 2.1.0
      domhandler: 4.3.0
      domutils: 2.8.0
      entities: 2.1.0
    dev: false

  /inherits@2.0.4:
    resolution: {integrity: sha512-k/vGaX4/Yla3WzyMCvTQOXYeIHvqOKtnqBduzTHpzpQZzAskKMhZ2K+EnBiSM9zGSoIFeMpXKxa4dYeZIQqewQ==}
    dev: false

  /is@3.3.0:
    resolution: {integrity: sha512-nW24QBoPcFGGHJGUwnfpI7Yc5CdqWNdsyHQszVE/z2pKHXzh7FZ5GWhJqSyaQ9wMkQnsTx+kAI8bHlCX4tKdbg==}
    dev: false

  /json-stringify-safe@5.0.1:
    resolution: {integrity: sha1-Epai1Y/UXxmg9s4B1lcB4sc1tus=}
    dev: false

  /lodash._basebind@2.3.0:
    resolution: {integrity: sha1-K1vEUqDhBhQ7IYafIzvbWHQX0kg=}
    dependencies:
      lodash._basecreate: 2.3.0
      lodash._setbinddata: 2.3.0
      lodash.isobject: 2.3.0
    dev: false

  /lodash._basecreate@2.3.0:
    resolution: {integrity: sha1-m4ioak3P97fzxh2Dovz8BnHsneA=}
    dependencies:
      lodash._renative: 2.3.0
      lodash.isobject: 2.3.0
      lodash.noop: 2.3.0
    dev: false

  /lodash._basecreatecallback@2.3.0:
    resolution: {integrity: sha1-N7KrF1kaM56YjbMln81GAZ16w2I=}
    dependencies:
      lodash._setbinddata: 2.3.0
      lodash.bind: 2.3.0
      lodash.identity: 2.3.0
      lodash.support: 2.3.0
    dev: false

  /lodash._basecreatewrapper@2.3.0:
    resolution: {integrity: sha1-qgxhrZYETDkzN2ExSDqXWcNlEkc=}
    dependencies:
      lodash._basecreate: 2.3.0
      lodash._setbinddata: 2.3.0
      lodash._slice: 2.3.0
      lodash.isobject: 2.3.0
    dev: false

  /lodash._createwrapper@2.3.0:
    resolution: {integrity: sha1-0arhEC2t9EDo4G/BM6bt1/4UYHU=}
    dependencies:
      lodash._basebind: 2.3.0
      lodash._basecreatewrapper: 2.3.0
      lodash.isfunction: 2.3.0
    dev: false

  /lodash._objecttypes@2.3.0:
    resolution: {integrity: sha1-aj6jmH3W7rgCGy1cnDA1Scwrrh4=}
    dev: false

  /lodash._renative@2.3.0:
    resolution: {integrity: sha1-d9jt1M7SbdWXH54Vpfdy5OMX+9M=}
    dev: false

  /lodash._setbinddata@2.3.0:
    resolution: {integrity: sha1-5WEEkKzRMnfVmFjZW18nJ/FQjwQ=}
    dependencies:
      lodash._renative: 2.3.0
      lodash.noop: 2.3.0
    dev: false

  /lodash._shimkeys@2.3.0:
    resolution: {integrity: sha1-YR+TFJ4+bHIQlrSHae8pU3rai6k=}
    dependencies:
      lodash._objecttypes: 2.3.0
    dev: false

  /lodash._slice@2.3.0:
    resolution: {integrity: sha1-FHGYEyhZly5GgMoppZkshVZpqlw=}
    dev: false

  /lodash.bind@2.3.0:
    resolution: {integrity: sha1-wqjhi2jl7MFS4rFoJmEW/qWwFsw=}
    dependencies:
      lodash._createwrapper: 2.3.0
      lodash._renative: 2.3.0
      lodash._slice: 2.3.0
    dev: false

  /lodash.findindex@4.6.0:
    resolution: {integrity: sha1-oyRd7mH7m24GJLU1ElYku2nBEQY=}
    dev: false

  /lodash.foreach@2.3.0:
    resolution: {integrity: sha1-CDQEyR6EbudyRf3512UZxosq8Wg=}
    dependencies:
      lodash._basecreatecallback: 2.3.0
      lodash.forown: 2.3.0
    dev: false

  /lodash.forown@2.3.0:
    resolution: {integrity: sha1-JPtKr4ANRfwtxgv+w84EyDajrX8=}
    dependencies:
      lodash._basecreatecallback: 2.3.0
      lodash._objecttypes: 2.3.0
      lodash.keys: 2.3.0
    dev: false

  /lodash.identity@2.3.0:
    resolution: {integrity: sha1-awGiEMlIU1XCqRO0i2cRIZoXPe0=}
    dev: false

  /lodash.isequal@4.5.0:
    resolution: {integrity: sha1-QVxEePK8wwEgwizhDtMib30+GOA=}
    dev: false

  /lodash.isfunction@2.3.0:
    resolution: {integrity: sha1-aylz5HpkfPEucNZ2rqE2Q3BuUmc=}
    dev: false

  /lodash.isobject@2.3.0:
    resolution: {integrity: sha1-LhbT/Fg9qYMZaJU/LY5tc0NPZ5k=}
    dependencies:
      lodash._objecttypes: 2.3.0
    dev: false

  /lodash.keys@2.3.0:
    resolution: {integrity: sha1-s1D0+Syqn0WkouzwGEVM8vKK4lM=}
    dependencies:
      lodash._renative: 2.3.0
      lodash._shimkeys: 2.3.0
      lodash.isobject: 2.3.0
    dev: false

  /lodash.merge@4.6.2:
    resolution: {integrity: sha512-0KpjqXRVvrYyCsX1swR/XTK0va6VQkQM6MNo7PqW77ByjAhoARA8EfrP1N4+KlKj8YS0ZUCtRT/YUuhyYDujIQ==}
    dev: false

  /lodash.noop@2.3.0:
    resolution: {integrity: sha1-MFnWKNUbv5N80qC2/Dp/ISpmnCw=}
    dev: false

  /lodash.support@2.3.0:
    resolution: {integrity: sha1-fq8DivTw1qq3drRKptz8gDNMm/0=}
    dependencies:
      lodash._renative: 2.3.0
    dev: false

  /methods@1.1.2:
    resolution: {integrity: sha1-VSmk1nZUE07cxSZmVoNbD4Ua/O4=}
    engines: {node: '>= 0.6'}
    dev: false

  /mime-db@1.47.0:
    resolution: {integrity: sha512-QBmA/G2y+IfeS4oktet3qRZ+P5kPhCKRXxXnQEudYqUaEioAU1/Lq2us3D/t1Jfo4hE9REQPrbB7K5sOczJVIw==}
    engines: {node: '>= 0.6'}
    dev: false

  /mime-types@2.1.30:
    resolution: {integrity: sha512-crmjA4bLtR8m9qLpHvgxSChT+XoSlZi8J4n/aIdn3z92e/U47Z0V/yl+Wh9W046GgFVAmoNR/fmdbZYcSSIUeg==}
    engines: {node: '>= 0.6'}
    dependencies:
      mime-db: 1.47.0
    dev: false

  /ms@2.0.0:
    resolution: {integrity: sha1-VgiurfwAvmwpAd9fmGF4jeDVl8g=}
    dev: false

  /ms@2.1.2:
    resolution: {integrity: sha512-sGkPx+VjMtmA6MX27oA4FBFELFCZZ4S4XqeGOXCv68tT+jb3vk/RyaKWP0PTKyWtmLSM0b+adUTEvbs1PEaH2w==}
    dev: false

  /nan@2.14.2:
    resolution: {integrity: sha512-M2ufzIiINKCuDfBSAUr1vWQ+vuVcA9kqx8JJUsbQi6yf1uGRyb7HfpdfUr5qLXf3B/t8dPvcjhKMmlfnP47EzQ==}
    dev: false

  /node-fetch@2.6.1:
    resolution: {integrity: sha512-V4aYg89jEoVRxRb2fJdAg8FHvI7cEyYdVAh94HH0UIK8oJxUfkjlDQN9RbMx+bEjP7+ggMiFRprSti032Oipxw==}
    engines: {node: 4.x || >=6.0.0}
    dev: false

  /node-gyp-build@4.3.0:
    resolution: {integrity: sha512-iWjXZvmboq0ja1pUGULQBexmxq8CV4xBhX7VDOTbL7ZR4FOowwY/VOtRxBN/yKxmdGoIp4j5ysNT4u3S2pDQ3Q==}
    hasBin: true
    dev: false

  /nth-check@2.0.1:
    resolution: {integrity: sha512-it1vE95zF6dTT9lBsYbxvqh0Soy4SPowchj0UBGj/V6cTPnXXtQOPUbhZ6CmGzAD/rW22LQK6E96pcdJXk4A4w==}
    dependencies:
      boolbase: 1.0.0
    dev: false

  /packet-reader@1.0.0:
    resolution: {integrity: sha512-HAKu/fG3HpHFO0AA8WE8q2g+gBJaZ9MG7fcKk+IJPLTGAD6Psw4443l+9DGRbOIh3/aXr7Phy0TjilYivJo5XQ==}
    dev: false

  /parse5-htmlparser2-tree-adapter@6.0.1:
    resolution: {integrity: sha512-qPuWvbLgvDGilKc5BoicRovlT4MtYT6JfJyBOMDsKoiT+GiuP5qyrPCnR9HcPECIJJmZh5jRndyNThnhhb/vlA==}
    dependencies:
      parse5: 6.0.1
    dev: false

  /parse5@6.0.1:
    resolution: {integrity: sha512-Ofn/CTFzRGTTxwpNEs9PP93gXShHcTq255nzRYSKe8AkVpZY7e1fpmTfOyoIvjP5HG7Z2ZM7VS9PPhQGW2pOpw==}
    dev: false

  /pg-connection-string@2.5.0:
    resolution: {integrity: sha512-r5o/V/ORTA6TmUnyWZR9nCj1klXCO2CEKNRlVuJptZe85QuhFayC7WeMic7ndayT5IRIR0S0xFxFi2ousartlQ==}
    dev: false

  /pg-int8@1.0.1:
    resolution: {integrity: sha512-WCtabS6t3c8SkpDBUlb1kjOs7l66xsGdKpIPZsg4wR+B3+u9UAum2odSsF9tnvxg80h4ZxLWMy4pRjOsFIqQpw==}
    engines: {node: '>=4.0.0'}
    dev: false

  /pg-minify@1.6.2:
    resolution: {integrity: sha512-1KdmFGGTP6jplJoI8MfvRlfvMiyBivMRP7/ffh4a11RUFJ7kC2J0ZHlipoKiH/1hz+DVgceon9U2qbaHpPeyPg==}
    engines: {node: '>=8.0'}
    dev: false

  /pg-pool@3.5.1(pg@8.7.1):
    resolution: {integrity: sha512-6iCR0wVrro6OOHFsyavV+i6KYL4lVNyYAB9RD18w66xSzN+d8b66HiwuP30Gp1SH5O9T82fckkzsRjlrhD0ioQ==}
    peerDependencies:
      pg: '>=8.0'
    dependencies:
      pg: 8.7.1
    dev: false

  /pg-promise@10.11.1:
    resolution: {integrity: sha512-HAv32WSKf2m2RqHerW5RmANn/mcXIwWXbg/gOfGQcoS0SE+8iBi3Jj4JmoR4PNzSEozo/y/npy4e6F16psOItw==}
    engines: {node: '>=8.0'}
    dependencies:
      assert-options: 0.7.0
      pg: 8.7.1
      pg-minify: 1.6.2
      spex: 3.2.0
    transitivePeerDependencies:
      - pg-native
    dev: false

  /pg-protocol@1.5.0:
    resolution: {integrity: sha512-muRttij7H8TqRNu/DxrAJQITO4Ac7RmX3Klyr/9mJEOBeIpgnF8f9jAfRz5d3XwQZl5qBjF9gLsUtMPJE0vezQ==}
    dev: false

  /pg-types@2.2.0:
    resolution: {integrity: sha512-qTAAlrEsl8s4OiEQY69wDvcMIdQN6wdz5ojQiOy6YRMuynxenON0O5oCpJI6lshc6scgAY8qvJ2On/p+CXY0GA==}
    engines: {node: '>=4'}
    dependencies:
      pg-int8: 1.0.1
      postgres-array: 2.0.0
      postgres-bytea: 1.0.0
      postgres-date: 1.0.7
      postgres-interval: 1.2.0
    dev: false

  /pg@8.7.1:
    resolution: {integrity: sha512-7bdYcv7V6U3KAtWjpQJJBww0UEsWuh4yQ/EjNf2HeO/NnvKjpvhEIe/A/TleP6wtmSKnUnghs5A9jUoK6iDdkA==}
    engines: {node: '>= 8.0.0'}
    peerDependencies:
      pg-native: '>=2.0.0'
    peerDependenciesMeta:
      pg-native:
        optional: true
    dependencies:
      buffer-writer: 2.0.0
      packet-reader: 1.0.0
      pg-connection-string: 2.5.0
      pg-pool: 3.5.1(pg@8.7.1)
      pg-protocol: 1.5.0
      pg-types: 2.2.0
      pgpass: 1.0.4
    dev: false

  /pgpass@1.0.4:
    resolution: {integrity: sha512-YmuA56alyBq7M59vxVBfPJrGSozru8QAdoNlWuW3cz8l+UX3cWge0vTvjKhsSHSJpo3Bom8/Mm6hf0TR5GY0+w==}
    dependencies:
      split2: 3.2.2
    dev: false

  /pmx@1.6.7:
    resolution: {integrity: sha512-CoyZD1EWj/fvpuEPnndB11s5onzN5p/0bxGsBuwbyb8uFtg3lMxXys1pXs88gReiRnMSYCSt25J3GCc6AnxoFQ==}
    dependencies:
      debug: 3.2.6
      deep-metrics: 0.0.1
      json-stringify-safe: 5.0.1
      semver: 5.7.2
      vxx: 1.2.2
    transitivePeerDependencies:
      - supports-color
    dev: false

  /postgres-array@2.0.0:
    resolution: {integrity: sha512-VpZrUqU5A69eQyW2c5CA1jtLecCsN2U/bD6VilrFDWq5+5UIEVO7nazS3TEcHf1zuPYO/sqGvUvW62g86RXZuA==}
    engines: {node: '>=4'}
    dev: false

  /postgres-bytea@1.0.0:
    resolution: {integrity: sha1-AntTPAqokOJtFy1Hz5zOzFIazTU=}
    engines: {node: '>=0.10.0'}
    dev: false

  /postgres-date@1.0.7:
    resolution: {integrity: sha512-suDmjLVQg78nMK2UZ454hAG+OAW+HQPZ6n++TNDUX+L0+uUlLywnoxJKDou51Zm+zTCjrCl0Nq6J9C5hP9vK/Q==}
    engines: {node: '>=0.10.0'}
    dev: false

  /postgres-interval@1.2.0:
    resolution: {integrity: sha512-9ZhXKM/rw350N1ovuWHbGxnGh/SNJ4cnxHiM0rxE4VN41wsg8P8zWn9hv/buK00RP4WvlOyr/RBDiptyxVbkZQ==}
    engines: {node: '>=0.10.0'}
    dependencies:
      xtend: 4.0.2
    dev: false

  /prism-media@1.2.9:
    resolution: {integrity: sha512-UHCYuqHipbTR1ZsXr5eg4JUmHER8Ss4YEb9Azn+9zzJ7/jlTtD1h0lc4g6tNx3eMlB8Mp6bfll0LPMAV4R6r3Q==}
    peerDependencies:
      '@discordjs/opus': ^0.5.0
      ffmpeg-static: ^4.2.7 || ^3.0.0 || ^2.4.0
      node-opus: ^0.3.3
      opusscript: ^0.0.8
    peerDependenciesMeta:
      '@discordjs/opus':
        optional: true
      ffmpeg-static:
        optional: true
      node-opus:
        optional: true
      opusscript:
        optional: true
    dev: false

  /readable-stream@3.6.0:
    resolution: {integrity: sha512-BViHy7LKeTz4oNnkcLJ+lVSL6vpiFeX6/d3oSH8zCW7UxP2onchk+vTGB143xuFjHS3deTgkKoXXymXqymiIdA==}
    engines: {node: '>= 6'}
    dependencies:
      inherits: 2.0.4
      string_decoder: 1.3.0
      util-deprecate: 1.0.2
    dev: false

  /recursive-readdir-sync@1.0.6:
    resolution: {integrity: sha1-Hb9tMvPFu4083pemxYjVR6nhPVY=}
    dev: false

  /safe-buffer@5.2.1:
    resolution: {integrity: sha512-rp3So07KcdmmKbGvgaNxQSJr7bGVSVk5S9Eq1F+ppbRo70+YeaDxkw5Dd8NPN+GD6bjnYm2VuPuCXmpuYvmCXQ==}
    dev: false

  /semver@5.7.2:
    resolution: {integrity: sha512-cBznnQ9KjJqU67B52RMC65CMarK2600WFnbkcaiwWq3xy/5haFJlshgnpjovMVJ+Hff49d8GEn0b87C5pDQ10g==}
    hasBin: true
    dev: false

  /setimmediate@1.0.5:
    resolution: {integrity: sha1-KQy7Iy4waULX1+qbg3Mqt4VvgoU=}
    dev: false

  /shimmer@1.2.1:
    resolution: {integrity: sha512-sQTKC1Re/rM6XyFM6fIAGHRPVGvyXfgzIDvzoq608vM+jeyVD0Tu1E6Np0Kc2zAIFWIj963V2800iF/9LPieQw==}
    dev: false

  /spex@3.2.0:
    resolution: {integrity: sha512-9srjJM7NaymrpwMHvSmpDeIK5GoRMX/Tq0E8aOlDPS54dDnDUIp30DrP9SphMPEETDLzEM9+4qo+KipmbtPecg==}
    engines: {node: '>=4.5'}
    dev: false

  /split2@3.2.2:
    resolution: {integrity: sha512-9NThjpgZnifTkJpzTZ7Eue85S49QwpNhZTq6GRJwObb6jnLFNGB7Qm73V5HewTROPyxD0C29xqmaI68bQtV+hg==}
    dependencies:
      readable-stream: 3.6.0
    dev: false

  /string_decoder@1.3.0:
    resolution: {integrity: sha512-hkRX8U1WjJFd8LsDJ2yQ/wWWxaopEsABU1XfkM8A+j0+85JAGppt16cr1Whg6KIbb4okU6Mql6BOj+uup/wKeA==}
    dependencies:
      safe-buffer: 5.2.1
    dev: false

  /tldts-core@5.7.64:
    resolution: {integrity: sha512-vsvYJ2TRNGotyRZmTxCDnBUCzPiKkcpmh/0JIpr5cpI1mDIKeRVpovNGBf0hQc/YZFVqBGYNDRKI/uOBNDKf7Q==}
    dev: false

  /tldts@5.7.64:
    resolution: {integrity: sha512-/n99BjTJJHJHkBs3uScqlHjJWOQchFvFnpRIRIkcJ+kHFgb0GZXb7YcXx1oZBJLk7bOIs9QqKqb54tPEK6bStg==}
    hasBin: true
    dependencies:
      tldts-core: 5.7.64
    dev: false

  /tslib@2.3.1:
    resolution: {integrity: sha512-77EbyPPpMz+FRFRuAFlWMtmgUWGe9UOG2Z25NqCwiIjRhOf5iKGuzSe5P2w1laq+FkRy4p+PCuVkJSGkzTEKVw==}
    dev: false

  /tweetnacl@1.0.3:
    resolution: {integrity: sha512-6rt+RN7aOi1nGMyC4Xa5DdYiukl2UWCbcJft7YhxReBGQD7OAM8Pbxw6YMo4r2diNEA8FEmu32YOn9rhaiE5yw==}
    dev: false

  /utf-8-validate@5.0.8:
    resolution: {integrity: sha512-k4dW/Qja1BYDl2qD4tOMB9PFVha/UJtxTc1cXYOe3WwA/2m0Yn4qB7wLMpJyLJ/7DR0XnTut3HsCSzDT4ZvKgA==}
    engines: {node: '>=6.14.2'}
    requiresBuild: true
    dependencies:
      node-gyp-build: 4.3.0
    dev: false

  /util-deprecate@1.0.2:
    resolution: {integrity: sha1-RQ1Nyfpw3nMnYvvS1KKJgUGaDM8=}
    dev: false

  /uuid@3.4.0:
    resolution: {integrity: sha512-HjSDRw6gZE5JMggctHBcjVak08+KEVhSIiDzFnT9S9aegmp85S/bReBVTb4QTFaRNptJ9kuYaNhnbNEOkbKb/A==}
    hasBin: true
    dev: false

  /uwuifier@4.0.5:
    resolution: {integrity: sha512-aY94c/5dRXEpJb12H/8DeLbCFfkIjqkLLJz0Ogj46WXsVkvq+CYUmCxs3S4sJGtb78cI8x/PQN6ZXe4QApcIYw==}
    dev: false

  /vxx@1.2.2:
    resolution: {integrity: sha1-dB+1HG8R0zg9pvm5IBil17qAdhE=}
    engines: {node: '>=0.12'}
    dependencies:
      continuation-local-storage: 3.2.1
      debug: 2.6.9
      extend: 3.0.2
      is: 3.3.0
      lodash.findindex: 4.6.0
      lodash.isequal: 4.5.0
      lodash.merge: 4.6.2
      methods: 1.1.2
      semver: 5.7.2
      shimmer: 1.2.1
      uuid: 3.4.0
    transitivePeerDependencies:
      - supports-color
    dev: false

  /ws@7.4.4(bufferutil@4.0.6)(utf-8-validate@5.0.8):
    resolution: {integrity: sha512-Qm8k8ojNQIMx7S+Zp8u/uHOx7Qazv3Yv4q68MiWWWOJhiwG5W3x7iqmRtJo8xxrciZUY4vRxUTJCKuRnF28ZZw==}
    engines: {node: '>=8.3.0'}
    peerDependencies:
      bufferutil: ^4.0.1
      utf-8-validate: ^5.0.2
    peerDependenciesMeta:
      bufferutil:
        optional: true
      utf-8-validate:
        optional: true
    dependencies:
      bufferutil: 4.0.6
      utf-8-validate: 5.0.8
    dev: false

  /xtend@4.0.2:
    resolution: {integrity: sha512-LKYU1iAXJXUgAXn9URjiu+MWhyUXHsvfp7mcuYm9dSUKK0/CjtrUwFAxD82/mCWbtLsGjFIad0wIsod4zrTAEQ==}
    engines: {node: '>=0.4'}
    dev: false

  /zlib-sync@0.1.7:
    resolution: {integrity: sha512-UmciU6ZrIwtwPC8noMzq+kGMdiWwNRZ3wC0SbED4Ew5Ikqx14MqDPRs/Pbk+3rZPh5SzsOgUBs1WRE0iieddpg==}
    requiresBuild: true
    dependencies:
      nan: 2.14.2
    dev: false
